<?xml version="1.0" encoding="utf-8"?>
<Project ToolsVersion="4.0" xmlns="http://schemas.microsoft.com/developer/msbuild/2003">
  <ItemGroup>
    <Filter Include="Source Files">
      <UniqueIdentifier>{c069b8c0-01f6-4ba0-87a5-15971fee36db}</UniqueIdentifier>
      <Extensions>cpp;c;cxx;rc;def;r;odl;idl;hpj;bat</Extensions>
    </Filter>
    <Filter Include="Header Files">
      <UniqueIdentifier>{976a36bd-1d46-4504-8a20-a57d703ef0f0}</UniqueIdentifier>
      <Extensions>h;hpp;hxx;hm;inl</Extensions>
    </Filter>
    <Filter Include="Resource Files">
      <UniqueIdentifier>{db9abc16-fba3-4888-a5df-ad386e42e2a8}</UniqueIdentifier>
      <Extensions>ico;cur;bmp;dlg;rc2;rct;bin;rgs;gif;jpg;jpeg;jpe</Extensions>
    </Filter>
  </ItemGroup>
  <ItemGroup>
    <ClCompile Include="AddBirthdayDlg.cpp">
      <Filter>Source Files</Filter>
    </ClCompile>
    <ClCompile Include="AnnoyDlg.cpp">
      <Filter>Source Files</Filter>
    </ClCompile>
    <ClCompile Include="BDC.cpp">
      <Filter>Source Files</Filter>
    </ClCompile>
    <ClCompile Include="Birthday.cpp">
      <Filter>Source Files</Filter>
    </ClCompile>
    <ClCompile Include="Birthdays.cpp">
      <Filter>Source Files</Filter>
    </ClCompile>
    <ClCompile Include="Config.cpp">
      <Filter>Source Files</Filter>
    </ClCompile>
    <ClCompile Include="Date.cpp">
      <Filter>Source Files</Filter>
    </ClCompile>
    <ClCompile Include="Globals.cpp">
      <Filter>Source Files</Filter>
    </ClCompile>
    <ClCompile Include="ImportDlg.cpp">
      <Filter>Source Files</Filter>
    </ClCompile>
    <ClCompile Include="Processor.cpp">
      <Filter>Source Files</Filter>
    </ClCompile>
    <ClCompile Include="Serializer.cpp">
      <Filter>Source Files</Filter>
    </ClCompile>
    <ClCompile Include="SetBirthday.cpp">
      <Filter>Source Files</Filter>
    </ClCompile>
    <ClCompile Include="StdAfx.cpp">
      <Filter>Source Files</Filter>
    </ClCompile>
    <ClCompile Include="XMLString.cpp">
      <Filter>Source Files</Filter>
    </ClCompile>
  </ItemGroup>
  <ItemGroup>
    <ResourceCompile Include="BDC.rc">
      <Filter>Source Files</Filter>
    </ResourceCompile>
  </ItemGroup>
  <ItemGroup>
    <ClInclude Include="AddBirthdayDlg.h">
      <Filter>Header Files</Filter>
    </ClInclude>
    <ClInclude Include="AnnoyDlg.h">
      <Filter>Header Files</Filter>
    </ClInclude>
    <ClInclude Include="BDC.h">
      <Filter>Header Files</Filter>
    </ClInclude>
    <ClInclude Include="Birthday.h">
      <Filter>Header Files</Filter>
    </ClInclude>
    <ClInclude Include="Birthdays.h">
      <Filter>Header Files</Filter>
    </ClInclude>
    <ClInclude Include="Config.h">
      <Filter>Header Files</Filter>
    </ClInclude>
    <ClInclude Include="Date.h">
      <Filter>Header Files</Filter>
    </ClInclude>
    <ClInclude Include="Globals.h">
      <Filter>Header Files</Filter>
    </ClInclude>
    <ClInclude Include="ImportDlg.h">
      <Filter>Header Files</Filter>
    </ClInclude>
    <ClInclude Include="incl.h">
      <Filter>Header Files</Filter>
    </ClInclude>
    <ClInclude Include="plugin.h">
      <Filter>Header Files</Filter>
    </ClInclude>
    <ClInclude Include="Processor.h">
      <Filter>Header Files</Filter>
    </ClInclude>
    <ClInclude Include="Resource.h">
      <Filter>Header Files</Filter>
    </ClInclude>
    <ClInclude Include="Serializer.h">
      <Filter>Header Files</Filter>
    </ClInclude>
    <ClInclude Include="SetBirthday.h">
      <Filter>Header Files</Filter>
    </ClInclude>
    <ClInclude Include="StdAfx.h">
      <Filter>Header Files</Filter>
    </ClInclude>
    <ClInclude Include="XMLString.h">
      <Filter>Header Files</Filter>
    </ClInclude>
  </ItemGroup>
  <ItemGroup>
    <CustomBuild Include="BDC.def">
      <Filter>Source Files</Filter>
    </CustomBuild>
    <CustomBuild Include="Eigen resources\Balloons dialog.bmp">
      <Filter>Resource Files</Filter>
    </CustomBuild>
    <CustomBuild Include="res\Balloons dialog.bmp">
      <Filter>Resource Files</Filter>
    </CustomBuild>
    <CustomBuild Include="balloons.bmp">
      <Filter>Resource Files</Filter>
    </CustomBuild>
    <CustomBuild Include="res\balloons.bmp">
      <Filter>Resource Files</Filter>
    </CustomBuild>
    <CustomBuild Include="res\BDC.rc2">
      <Filter>Resource Files</Filter>
    </CustomBuild>
    <CustomBuild Include="bitmap1.bmp">
      <Filter>Resource Files</Filter>
    </CustomBuild>
    <CustomBuild Include="res\bitmap1.bmp">
      <Filter>Resource Files</Filter>
    </CustomBuild>
    <CustomBuild Include="res\bmp00001.bmp">
      <Filter>Resource Files</Filter>
    </CustomBuild>
    <CustomBuild Include="res\bmp00002.bmp">
      <Filter>Resource Files</Filter>
    </CustomBuild>
    <CustomBuild Include="prefs.bmp">
      <Filter>Resource Files</Filter>
    </CustomBuild>
    <CustomBuild Include="res\prefs.BMP">
      <Filter>Resource Files</Filter>
    </CustomBuild>
    <CustomBuild Include="res\today.bmp">
      <Filter>Resource Files</Filter>
    </CustomBuild>
    <CustomBuild Include="res\vcf1.bmp">
      <Filter>Resource Files</Filter>
    </CustomBuild>
    <CustomBuild Include="Eigen resources\Balloons animated.avi" />
    <CustomBuild Include="res\disclaimer.txt" />
    <CustomBuild Include="res\instructions.txt" />
    <CustomBuild Include="res\version history.txt" />
  </ItemGroup>
</Project>